// !$*UTF8*$!
{
	archiveVersion = 1;
	classes = {
	};
	objectVersion = 55;
	objects = {

/* Begin PBXBuildFile section */
		26C2F9721DBFB0A29329E6D2 /* Pods_Katib.framework in Frameworks */ = {isa = PBXBuildFile; fileRef = 93A5049F5A0C62E201837FD3 /* Pods_Katib.framework */; };
		4501E9CB283CC7910098A376 /* AppDelegate.swift in Sources */ = {isa = PBXBuildFile; fileRef = 4501E9CA283CC7910098A376 /* AppDelegate.swift */; };
		4501E9CD283CC7910098A376 /* SceneDelegate.swift in Sources */ = {isa = PBXBuildFile; fileRef = 4501E9CC283CC7910098A376 /* SceneDelegate.swift */; };
		4501E9CF283CC7910098A376 /* SignInViewController.swift in Sources */ = {isa = PBXBuildFile; fileRef = 4501E9CE283CC7910098A376 /* SignInViewController.swift */; };
		4501E9D2283CC7910098A376 /* Main.storyboard in Resources */ = {isa = PBXBuildFile; fileRef = 4501E9D0283CC7910098A376 /* Main.storyboard */; };
		4501E9D5283CC7910098A376 /* Katib.xcdatamodeld in Sources */ = {isa = PBXBuildFile; fileRef = 4501E9D3283CC7910098A376 /* Katib.xcdatamodeld */; };
		4501E9D7283CC7930098A376 /* Assets.xcassets in Resources */ = {isa = PBXBuildFile; fileRef = 4501E9D6283CC7930098A376 /* Assets.xcassets */; };
		4501E9DA283CC7930098A376 /* LaunchScreen.storyboard in Resources */ = {isa = PBXBuildFile; fileRef = 4501E9D8283CC7930098A376 /* LaunchScreen.storyboard */; };
		451F7B4A283E56FC00AE93DC /* Patient.swift in Sources */ = {isa = PBXBuildFile; fileRef = 451F7B49283E56FC00AE93DC /* Patient.swift */; };
		451F7B4D283E57EA00AE93DC /* PatientCollectionViewCell.swift in Sources */ = {isa = PBXBuildFile; fileRef = 451F7B4B283E57EA00AE93DC /* PatientCollectionViewCell.swift */; };
		451F7B4E283E57EA00AE93DC /* PatientCollectionViewCell.xib in Resources */ = {isa = PBXBuildFile; fileRef = 451F7B4C283E57EA00AE93DC /* PatientCollectionViewCell.xib */; };
		451F7B50283E665400AE93DC /* MyPatientsViewController.swift in Sources */ = {isa = PBXBuildFile; fileRef = 451F7B4F283E665400AE93DC /* MyPatientsViewController.swift */; };
		451F7B52283F628B00AE93DC /* Data.swift in Sources */ = {isa = PBXBuildFile; fileRef = 451F7B51283F628B00AE93DC /* Data.swift */; };
		451F7B54283F669300AE93DC /* PatientViewController.swift in Sources */ = {isa = PBXBuildFile; fileRef = 451F7B53283F669300AE93DC /* PatientViewController.swift */; };
		4547B98A28410E7D00D4D4BC /* CoordinatePoint.swift in Sources */ = {isa = PBXBuildFile; fileRef = 4547B98928410E7D00D4D4BC /* CoordinatePoint.swift */; };
		455C0803283D0D2900F8ED53 /* DrawingViewController.swift in Sources */ = {isa = PBXBuildFile; fileRef = 455C0802283D0D2900F8ED53 /* DrawingViewController.swift */; };
		45A73C62283CEB9F00F16448 /* MainViewController.swift in Sources */ = {isa = PBXBuildFile; fileRef = 45A73C61283CEB9F00F16448 /* MainViewController.swift */; };
		45A73C64283CEC5A00F16448 /* Extensions.swift in Sources */ = {isa = PBXBuildFile; fileRef = 45A73C63283CEC5A00F16448 /* Extensions.swift */; };
		45A9E4A8284763A00011D002 /* AddPatientOptionsViewController.swift in Sources */ = {isa = PBXBuildFile; fileRef = 45A9E4A7284763A00011D002 /* AddPatientOptionsViewController.swift */; };
		45A9E4AC28477F4B0011D002 /* Config.swift in Sources */ = {isa = PBXBuildFile; fileRef = 45A9E4AB28477F4B0011D002 /* Config.swift */; };
		45A9E4AE2847A7580011D002 /* Task.swift in Sources */ = {isa = PBXBuildFile; fileRef = 45A9E4AD2847A7580011D002 /* Task.swift */; };
		45BE05452846254800A85FB2 /* EditPatientViewController.swift in Sources */ = {isa = PBXBuildFile; fileRef = 45BE05442846254800A85FB2 /* EditPatientViewController.swift */; };
		45BE0547284625F100A85FB2 /* Doctor.swift in Sources */ = {isa = PBXBuildFile; fileRef = 45BE0546284625F100A85FB2 /* Doctor.swift */; };
		45CD2506284214D300B744BC /* GoogleService-Info.plist in Resources */ = {isa = PBXBuildFile; fileRef = 45CD2505284214D300B744BC /* GoogleService-Info.plist */; };
		45CD2508284222C900B744BC /* RegisterViewController.swift in Sources */ = {isa = PBXBuildFile; fileRef = 45CD2507284222C900B744BC /* RegisterViewController.swift */; };
		45CD250A2842489600B744BC /* ProfilePictureViewController.swift in Sources */ = {isa = PBXBuildFile; fileRef = 45CD25092842489600B744BC /* ProfilePictureViewController.swift */; };
		45CD250C2842565E00B744BC /* ProfileViewController.swift in Sources */ = {isa = PBXBuildFile; fileRef = 45CD250B2842565E00B744BC /* ProfileViewController.swift */; };
/* End PBXBuildFile section */

/* Begin PBXFileReference section */
		08ADADB47CC58D0B884C4C3D /* Pods-Katib.release.xcconfig */ = {isa = PBXFileReference; includeInIndex = 1; lastKnownFileType = text.xcconfig; name = "Pods-Katib.release.xcconfig"; path = "Target Support Files/Pods-Katib/Pods-Katib.release.xcconfig"; sourceTree = "<group>"; };
		4501E9C7283CC7910098A376 /* Katib.app */ = {isa = PBXFileReference; explicitFileType = wrapper.application; includeInIndex = 0; path = Katib.app; sourceTree = BUILT_PRODUCTS_DIR; };
		4501E9CA283CC7910098A376 /* AppDelegate.swift */ = {isa = PBXFileReference; lastKnownFileType = sourcecode.swift; path = AppDelegate.swift; sourceTree = "<group>"; };
		4501E9CC283CC7910098A376 /* SceneDelegate.swift */ = {isa = PBXFileReference; lastKnownFileType = sourcecode.swift; path = SceneDelegate.swift; sourceTree = "<group>"; };
		4501E9CE283CC7910098A376 /* SignInViewController.swift */ = {isa = PBXFileReference; lastKnownFileType = sourcecode.swift; path = SignInViewController.swift; sourceTree = "<group>"; };
		4501E9D1283CC7910098A376 /* Base */ = {isa = PBXFileReference; lastKnownFileType = file.storyboard; name = Base; path = Base.lproj/Main.storyboard; sourceTree = "<group>"; };
		4501E9D4283CC7910098A376 /* Katib.xcdatamodel */ = {isa = PBXFileReference; lastKnownFileType = wrapper.xcdatamodel; path = Katib.xcdatamodel; sourceTree = "<group>"; };
		4501E9D6283CC7930098A376 /* Assets.xcassets */ = {isa = PBXFileReference; lastKnownFileType = folder.assetcatalog; path = Assets.xcassets; sourceTree = "<group>"; };
		4501E9D9283CC7930098A376 /* Base */ = {isa = PBXFileReference; lastKnownFileType = file.storyboard; name = Base; path = Base.lproj/LaunchScreen.storyboard; sourceTree = "<group>"; };
		4501E9DB283CC7930098A376 /* Info.plist */ = {isa = PBXFileReference; lastKnownFileType = text.plist.xml; path = Info.plist; sourceTree = "<group>"; };
		451F7B49283E56FC00AE93DC /* Patient.swift */ = {isa = PBXFileReference; lastKnownFileType = sourcecode.swift; path = Patient.swift; sourceTree = "<group>"; };
		451F7B4B283E57EA00AE93DC /* PatientCollectionViewCell.swift */ = {isa = PBXFileReference; lastKnownFileType = sourcecode.swift; path = PatientCollectionViewCell.swift; sourceTree = "<group>"; };
		451F7B4C283E57EA00AE93DC /* PatientCollectionViewCell.xib */ = {isa = PBXFileReference; lastKnownFileType = file.xib; path = PatientCollectionViewCell.xib; sourceTree = "<group>"; };
		451F7B4F283E665400AE93DC /* MyPatientsViewController.swift */ = {isa = PBXFileReference; lastKnownFileType = sourcecode.swift; path = MyPatientsViewController.swift; sourceTree = "<group>"; };
		451F7B51283F628B00AE93DC /* Data.swift */ = {isa = PBXFileReference; lastKnownFileType = sourcecode.swift; path = Data.swift; sourceTree = "<group>"; };
		451F7B53283F669300AE93DC /* PatientViewController.swift */ = {isa = PBXFileReference; lastKnownFileType = sourcecode.swift; path = PatientViewController.swift; sourceTree = "<group>"; };
		4547B98928410E7D00D4D4BC /* CoordinatePoint.swift */ = {isa = PBXFileReference; lastKnownFileType = sourcecode.swift; path = CoordinatePoint.swift; sourceTree = "<group>"; };
		455C0802283D0D2900F8ED53 /* DrawingViewController.swift */ = {isa = PBXFileReference; lastKnownFileType = sourcecode.swift; path = DrawingViewController.swift; sourceTree = "<group>"; };
		45A73C61283CEB9F00F16448 /* MainViewController.swift */ = {isa = PBXFileReference; lastKnownFileType = sourcecode.swift; path = MainViewController.swift; sourceTree = "<group>"; };
		45A73C63283CEC5A00F16448 /* Extensions.swift */ = {isa = PBXFileReference; lastKnownFileType = sourcecode.swift; path = Extensions.swift; sourceTree = "<group>"; };
		45A9E4A7284763A00011D002 /* AddPatientOptionsViewController.swift */ = {isa = PBXFileReference; lastKnownFileType = sourcecode.swift; path = AddPatientOptionsViewController.swift; sourceTree = "<group>"; };
		45A9E4AB28477F4B0011D002 /* Config.swift */ = {isa = PBXFileReference; lastKnownFileType = sourcecode.swift; path = Config.swift; sourceTree = "<group>"; };
		45A9E4AD2847A7580011D002 /* Task.swift */ = {isa = PBXFileReference; lastKnownFileType = sourcecode.swift; path = Task.swift; sourceTree = "<group>"; };
		45BE05442846254800A85FB2 /* EditPatientViewController.swift */ = {isa = PBXFileReference; lastKnownFileType = sourcecode.swift; path = EditPatientViewController.swift; sourceTree = "<group>"; };
		45BE0546284625F100A85FB2 /* Doctor.swift */ = {isa = PBXFileReference; lastKnownFileType = sourcecode.swift; path = Doctor.swift; sourceTree = "<group>"; };
		45CD2505284214D300B744BC /* GoogleService-Info.plist */ = {isa = PBXFileReference; fileEncoding = 4; lastKnownFileType = text.plist.xml; name = "GoogleService-Info.plist"; path = "../../../Downloads/untitled folder 2/GoogleService-Info.plist"; sourceTree = "<group>"; };
		45CD2507284222C900B744BC /* RegisterViewController.swift */ = {isa = PBXFileReference; lastKnownFileType = sourcecode.swift; path = RegisterViewController.swift; sourceTree = "<group>"; };
		45CD25092842489600B744BC /* ProfilePictureViewController.swift */ = {isa = PBXFileReference; lastKnownFileType = sourcecode.swift; path = ProfilePictureViewController.swift; sourceTree = "<group>"; };
		45CD250B2842565E00B744BC /* ProfileViewController.swift */ = {isa = PBXFileReference; lastKnownFileType = sourcecode.swift; path = ProfileViewController.swift; sourceTree = "<group>"; };
		93A5049F5A0C62E201837FD3 /* Pods_Katib.framework */ = {isa = PBXFileReference; explicitFileType = wrapper.framework; includeInIndex = 0; path = Pods_Katib.framework; sourceTree = BUILT_PRODUCTS_DIR; };
		A3DD84DF289AA45A7131279E /* Pods-Katib.debug.xcconfig */ = {isa = PBXFileReference; includeInIndex = 1; lastKnownFileType = text.xcconfig; name = "Pods-Katib.debug.xcconfig"; path = "Target Support Files/Pods-Katib/Pods-Katib.debug.xcconfig"; sourceTree = "<group>"; };
/* End PBXFileReference section */

/* Begin PBXFrameworksBuildPhase section */
		4501E9C4283CC7910098A376 /* Frameworks */ = {
			isa = PBXFrameworksBuildPhase;
			buildActionMask = 2147483647;
			files = (
				26C2F9721DBFB0A29329E6D2 /* Pods_Katib.framework in Frameworks */,
			);
			runOnlyForDeploymentPostprocessing = 0;
		};
/* End PBXFrameworksBuildPhase section */

/* Begin PBXGroup section */
		4501E9BE283CC7910098A376 = {
			isa = PBXGroup;
			children = (
				4501E9C9283CC7910098A376 /* Katib */,
				4501E9C8283CC7910098A376 /* Products */,
				E3F63DAD9721D2D3DF82B957 /* Pods */,
				63DD966D7D4CD5670CA9773C /* Frameworks */,
			);
			sourceTree = "<group>";
		};
		4501E9C8283CC7910098A376 /* Products */ = {
			isa = PBXGroup;
			children = (
				4501E9C7283CC7910098A376 /* Katib.app */,
			);
			name = Products;
			sourceTree = "<group>";
		};
		4501E9C9283CC7910098A376 /* Katib */ = {
			isa = PBXGroup;
			children = (
				4501E9CA283CC7910098A376 /* AppDelegate.swift */,
				451F7B4F283E665400AE93DC /* MyPatientsViewController.swift */,
				4501E9CC283CC7910098A376 /* SceneDelegate.swift */,
				4501E9CE283CC7910098A376 /* SignInViewController.swift */,
				4501E9D0283CC7910098A376 /* Main.storyboard */,
				45A9E4A7284763A00011D002 /* AddPatientOptionsViewController.swift */,
				45BE05442846254800A85FB2 /* EditPatientViewController.swift */,
				45CD250B2842565E00B744BC /* ProfileViewController.swift */,
				45CD25092842489600B744BC /* ProfilePictureViewController.swift */,
				45CD2507284222C900B744BC /* RegisterViewController.swift */,
				45CD2505284214D300B744BC /* GoogleService-Info.plist */,
				451F7B53283F669300AE93DC /* PatientViewController.swift */,
				455C0802283D0D2900F8ED53 /* DrawingViewController.swift */,
				4547B98928410E7D00D4D4BC /* CoordinatePoint.swift */,
				45A73C61283CEB9F00F16448 /* MainViewController.swift */,
				45A73C63283CEC5A00F16448 /* Extensions.swift */,
				4501E9D6283CC7930098A376 /* Assets.xcassets */,
				4501E9D8283CC7930098A376 /* LaunchScreen.storyboard */,
				4501E9DB283CC7930098A376 /* Info.plist */,
				4501E9D3283CC7910098A376 /* Katib.xcdatamodeld */,
				451F7B49283E56FC00AE93DC /* Patient.swift */,
				45BE0546284625F100A85FB2 /* Doctor.swift */,
				451F7B4B283E57EA00AE93DC /* PatientCollectionViewCell.swift */,
				451F7B4C283E57EA00AE93DC /* PatientCollectionViewCell.xib */,
				451F7B51283F628B00AE93DC /* Data.swift */,
				45A9E4AB28477F4B0011D002 /* Config.swift */,
				45A9E4AD2847A7580011D002 /* Task.swift */,
			);
			path = Katib;
			sourceTree = "<group>";
		};
		63DD966D7D4CD5670CA9773C /* Frameworks */ = {
			isa = PBXGroup;
			children = (
				93A5049F5A0C62E201837FD3 /* Pods_Katib.framework */,
			);
			name = Frameworks;
			sourceTree = "<group>";
		};
		E3F63DAD9721D2D3DF82B957 /* Pods */ = {
			isa = PBXGroup;
			children = (
				A3DD84DF289AA45A7131279E /* Pods-Katib.debug.xcconfig */,
				08ADADB47CC58D0B884C4C3D /* Pods-Katib.release.xcconfig */,
			);
			path = Pods;
			sourceTree = "<group>";
		};
/* End PBXGroup section */

/* Begin PBXNativeTarget section */
		4501E9C6283CC7910098A376 /* Katib */ = {
			isa = PBXNativeTarget;
			buildConfigurationList = 4501E9DE283CC7930098A376 /* Build configuration list for PBXNativeTarget "Katib" */;
			buildPhases = (
				841613F89F600655312086A2 /* [CP] Check Pods Manifest.lock */,
				4501E9C3283CC7910098A376 /* Sources */,
				4501E9C4283CC7910098A376 /* Frameworks */,
				4501E9C5283CC7910098A376 /* Resources */,
				2F1EE501710920055CCFB105 /* [CP] Embed Pods Frameworks */,
			);
			buildRules = (
			);
			dependencies = (
			);
			name = Katib;
			productName = Katib;
			productReference = 4501E9C7283CC7910098A376 /* Katib.app */;
			productType = "com.apple.product-type.application";
		};
/* End PBXNativeTarget section */

/* Begin PBXProject section */
		4501E9BF283CC7910098A376 /* Project object */ = {
			isa = PBXProject;
			attributes = {
				BuildIndependentTargetsInParallel = 1;
				LastSwiftUpdateCheck = 1310;
				LastUpgradeCheck = 1310;
				TargetAttributes = {
					4501E9C6283CC7910098A376 = {
						CreatedOnToolsVersion = 13.1;
					};
				};
			};
			buildConfigurationList = 4501E9C2283CC7910098A376 /* Build configuration list for PBXProject "Katib" */;
			compatibilityVersion = "Xcode 13.0";
			developmentRegion = en;
			hasScannedForEncodings = 0;
			knownRegions = (
				en,
				Base,
			);
			mainGroup = 4501E9BE283CC7910098A376;
			productRefGroup = 4501E9C8283CC7910098A376 /* Products */;
			projectDirPath = "";
			projectRoot = "";
			targets = (
				4501E9C6283CC7910098A376 /* Katib */,
			);
		};
/* End PBXProject section */

/* Begin PBXResourcesBuildPhase section */
		4501E9C5283CC7910098A376 /* Resources */ = {
			isa = PBXResourcesBuildPhase;
			buildActionMask = 2147483647;
			files = (
				4501E9DA283CC7930098A376 /* LaunchScreen.storyboard in Resources */,
				4501E9D7283CC7930098A376 /* Assets.xcassets in Resources */,
				45CD2506284214D300B744BC /* GoogleService-Info.plist in Resources */,
				451F7B4E283E57EA00AE93DC /* PatientCollectionViewCell.xib in Resources */,
				4501E9D2283CC7910098A376 /* Main.storyboard in Resources */,
			);
			runOnlyForDeploymentPostprocessing = 0;
		};
/* End PBXResourcesBuildPhase section */

/* Begin PBXShellScriptBuildPhase section */
		2F1EE501710920055CCFB105 /* [CP] Embed Pods Frameworks */ = {
			isa = PBXShellScriptBuildPhase;
			buildActionMask = 2147483647;
			files = (
			);
			inputFileListPaths = (
				"${PODS_ROOT}/Target Support Files/Pods-Katib/Pods-Katib-frameworks-${CONFIGURATION}-input-files.xcfilelist",
			);
			name = "[CP] Embed Pods Frameworks";
			outputFileListPaths = (
				"${PODS_ROOT}/Target Support Files/Pods-Katib/Pods-Katib-frameworks-${CONFIGURATION}-output-files.xcfilelist",
			);
			runOnlyForDeploymentPostprocessing = 0;
			shellPath = /bin/sh;
			shellScript = "\"${PODS_ROOT}/Target Support Files/Pods-Katib/Pods-Katib-frameworks.sh\"\n";
			showEnvVarsInLog = 0;
		};
		841613F89F600655312086A2 /* [CP] Check Pods Manifest.lock */ = {
			isa = PBXShellScriptBuildPhase;
			buildActionMask = 2147483647;
			files = (
			);
			inputFileListPaths = (
			);
			inputPaths = (
				"${PODS_PODFILE_DIR_PATH}/Podfile.lock",
				"${PODS_ROOT}/Manifest.lock",
			);
			name = "[CP] Check Pods Manifest.lock";
			outputFileListPaths = (
			);
			outputPaths = (
				"$(DERIVED_FILE_DIR)/Pods-Katib-checkManifestLockResult.txt",
			);
			runOnlyForDeploymentPostprocessing = 0;
			shellPath = /bin/sh;
			shellScript = "diff \"${PODS_PODFILE_DIR_PATH}/Podfile.lock\" \"${PODS_ROOT}/Manifest.lock\" > /dev/null\nif [ $? != 0 ] ; then\n    # print error to STDERR\n    echo \"error: The sandbox is not in sync with the Podfile.lock. Run 'pod install' or update your CocoaPods installation.\" >&2\n    exit 1\nfi\n# This output is used by Xcode 'outputs' to avoid re-running this script phase.\necho \"SUCCESS\" > \"${SCRIPT_OUTPUT_FILE_0}\"\n";
			showEnvVarsInLog = 0;
		};
/* End PBXShellScriptBuildPhase section */

/* Begin PBXSourcesBuildPhase section */
		4501E9C3283CC7910098A376 /* Sources */ = {
			isa = PBXSourcesBuildPhase;
			buildActionMask = 2147483647;
			files = (
				451F7B4D283E57EA00AE93DC /* PatientCollectionViewCell.swift in Sources */,
				45CD250A2842489600B744BC /* ProfilePictureViewController.swift in Sources */,
				4501E9CF283CC7910098A376 /* SignInViewController.swift in Sources */,
				451F7B54283F669300AE93DC /* PatientViewController.swift in Sources */,
				45A73C64283CEC5A00F16448 /* Extensions.swift in Sources */,
				4547B98A28410E7D00D4D4BC /* CoordinatePoint.swift in Sources */,
				45CD250C2842565E00B744BC /* ProfileViewController.swift in Sources */,
				451F7B4A283E56FC00AE93DC /* Patient.swift in Sources */,
				451F7B52283F628B00AE93DC /* Data.swift in Sources */,
				4501E9D5283CC7910098A376 /* Katib.xcdatamodeld in Sources */,
				455C0803283D0D2900F8ED53 /* DrawingViewController.swift in Sources */,
				45CD2508284222C900B744BC /* RegisterViewController.swift in Sources */,
				451F7B50283E665400AE93DC /* MyPatientsViewController.swift in Sources */,
				45BE05452846254800A85FB2 /* EditPatientViewController.swift in Sources */,
				45BE0547284625F100A85FB2 /* Doctor.swift in Sources */,
				4501E9CB283CC7910098A376 /* AppDelegate.swift in Sources */,
				4501E9CD283CC7910098A376 /* SceneDelegate.swift in Sources */,
				45A9E4AC28477F4B0011D002 /* Config.swift in Sources */,
				45A9E4A8284763A00011D002 /* AddPatientOptionsViewController.swift in Sources */,
				45A9E4AE2847A7580011D002 /* Task.swift in Sources */,
				45A73C62283CEB9F00F16448 /* MainViewController.swift in Sources */,
			);
			runOnlyForDeploymentPostprocessing = 0;
		};
/* End PBXSourcesBuildPhase section */

/* Begin PBXVariantGroup section */
		4501E9D0283CC7910098A376 /* Main.storyboard */ = {
			isa = PBXVariantGroup;
			children = (
				4501E9D1283CC7910098A376 /* Base */,
			);
			name = Main.storyboard;
			sourceTree = "<group>";
		};
		4501E9D8283CC7930098A376 /* LaunchScreen.storyboard */ = {
			isa = PBXVariantGroup;
			children = (
				4501E9D9283CC7930098A376 /* Base */,
			);
			name = LaunchScreen.storyboard;
			sourceTree = "<group>";
		};
/* End PBXVariantGroup section */

/* Begin XCBuildConfiguration section */
		4501E9DC283CC7930098A376 /* Debug */ = {
			isa = XCBuildConfiguration;
			buildSettings = {
				ALWAYS_SEARCH_USER_PATHS = NO;
				CLANG_ANALYZER_NONNULL = YES;
				CLANG_ANALYZER_NUMBER_OBJECT_CONVERSION = YES_AGGRESSIVE;
				CLANG_CXX_LANGUAGE_STANDARD = "gnu++17";
				CLANG_CXX_LIBRARY = "libc++";
				CLANG_ENABLE_MODULES = YES;
				CLANG_ENABLE_OBJC_ARC = YES;
				CLANG_ENABLE_OBJC_WEAK = YES;
				CLANG_WARN_BLOCK_CAPTURE_AUTORELEASING = YES;
				CLANG_WARN_BOOL_CONVERSION = YES;
				CLANG_WARN_COMMA = YES;
				CLANG_WARN_CONSTANT_CONVERSION = YES;
				CLANG_WARN_DEPRECATED_OBJC_IMPLEMENTATIONS = YES;
				CLANG_WARN_DIRECT_OBJC_ISA_USAGE = YES_ERROR;
				CLANG_WARN_DOCUMENTATION_COMMENTS = YES;
				CLANG_WARN_EMPTY_BODY = YES;
				CLANG_WARN_ENUM_CONVERSION = YES;
				CLANG_WARN_INFINITE_RECURSION = YES;
				CLANG_WARN_INT_CONVERSION = YES;
				CLANG_WARN_NON_LITERAL_NULL_CONVERSION = YES;
				CLANG_WARN_OBJC_IMPLICIT_RETAIN_SELF = YES;
				CLANG_WARN_OBJC_LITERAL_CONVERSION = YES;
				CLANG_WARN_OBJC_ROOT_CLASS = YES_ERROR;
				CLANG_WARN_QUOTED_INCLUDE_IN_FRAMEWORK_HEADER = YES;
				CLANG_WARN_RANGE_LOOP_ANALYSIS = YES;
				CLANG_WARN_STRICT_PROTOTYPES = YES;
				CLANG_WARN_SUSPICIOUS_MOVE = YES;
				CLANG_WARN_UNGUARDED_AVAILABILITY = YES_AGGRESSIVE;
				CLANG_WARN_UNREACHABLE_CODE = YES;
				CLANG_WARN__DUPLICATE_METHOD_MATCH = YES;
				COPY_PHASE_STRIP = NO;
				DEBUG_INFORMATION_FORMAT = dwarf;
				ENABLE_STRICT_OBJC_MSGSEND = YES;
				ENABLE_TESTABILITY = YES;
				GCC_C_LANGUAGE_STANDARD = gnu11;
				GCC_DYNAMIC_NO_PIC = NO;
				GCC_NO_COMMON_BLOCKS = YES;
				GCC_OPTIMIZATION_LEVEL = 0;
				GCC_PREPROCESSOR_DEFINITIONS = (
					"DEBUG=1",
					"$(inherited)",
				);
				GCC_WARN_64_TO_32_BIT_CONVERSION = YES;
				GCC_WARN_ABOUT_RETURN_TYPE = YES_ERROR;
				GCC_WARN_UNDECLARED_SELECTOR = YES;
				GCC_WARN_UNINITIALIZED_AUTOS = YES_AGGRESSIVE;
				GCC_WARN_UNUSED_FUNCTION = YES;
				GCC_WARN_UNUSED_VARIABLE = YES;
				IPHONEOS_DEPLOYMENT_TARGET = 15.0;
				MTL_ENABLE_DEBUG_INFO = INCLUDE_SOURCE;
				MTL_FAST_MATH = YES;
				ONLY_ACTIVE_ARCH = YES;
				SDKROOT = iphoneos;
				SWIFT_ACTIVE_COMPILATION_CONDITIONS = DEBUG;
				SWIFT_OPTIMIZATION_LEVEL = "-Onone";
			};
			name = Debug;
		};
		4501E9DD283CC7930098A376 /* Release */ = {
			isa = XCBuildConfiguration;
			buildSettings = {
				ALWAYS_SEARCH_USER_PATHS = NO;
				CLANG_ANALYZER_NONNULL = YES;
				CLANG_ANALYZER_NUMBER_OBJECT_CONVERSION = YES_AGGRESSIVE;
				CLANG_CXX_LANGUAGE_STANDARD = "gnu++17";
				CLANG_CXX_LIBRARY = "libc++";
				CLANG_ENABLE_MODULES = YES;
				CLANG_ENABLE_OBJC_ARC = YES;
				CLANG_ENABLE_OBJC_WEAK = YES;
				CLANG_WARN_BLOCK_CAPTURE_AUTORELEASING = YES;
				CLANG_WARN_BOOL_CONVERSION = YES;
				CLANG_WARN_COMMA = YES;
				CLANG_WARN_CONSTANT_CONVERSION = YES;
				CLANG_WARN_DEPRECATED_OBJC_IMPLEMENTATIONS = YES;
				CLANG_WARN_DIRECT_OBJC_ISA_USAGE = YES_ERROR;
				CLANG_WARN_DOCUMENTATION_COMMENTS = YES;
				CLANG_WARN_EMPTY_BODY = YES;
				CLANG_WARN_ENUM_CONVERSION = YES;
				CLANG_WARN_INFINITE_RECURSION = YES;
				CLANG_WARN_INT_CONVERSION = YES;
				CLANG_WARN_NON_LITERAL_NULL_CONVERSION = YES;
				CLANG_WARN_OBJC_IMPLICIT_RETAIN_SELF = YES;
				CLANG_WARN_OBJC_LITERAL_CONVERSION = YES;
				CLANG_WARN_OBJC_ROOT_CLASS = YES_ERROR;
				CLANG_WARN_QUOTED_INCLUDE_IN_FRAMEWORK_HEADER = YES;
				CLANG_WARN_RANGE_LOOP_ANALYSIS = YES;
				CLANG_WARN_STRICT_PROTOTYPES = YES;
				CLANG_WARN_SUSPICIOUS_MOVE = YES;
				CLANG_WARN_UNGUARDED_AVAILABILITY = YES_AGGRESSIVE;
				CLANG_WARN_UNREACHABLE_CODE = YES;
				CLANG_WARN__DUPLICATE_METHOD_MATCH = YES;
				COPY_PHASE_STRIP = NO;
				DEBUG_INFORMATION_FORMAT = "dwarf-with-dsym";
				ENABLE_NS_ASSERTIONS = NO;
				ENABLE_STRICT_OBJC_MSGSEND = YES;
				GCC_C_LANGUAGE_STANDARD = gnu11;
				GCC_NO_COMMON_BLOCKS = YES;
				GCC_WARN_64_TO_32_BIT_CONVERSION = YES;
				GCC_WARN_ABOUT_RETURN_TYPE = YES_ERROR;
				GCC_WARN_UNDECLARED_SELECTOR = YES;
				GCC_WARN_UNINITIALIZED_AUTOS = YES_AGGRESSIVE;
				GCC_WARN_UNUSED_FUNCTION = YES;
				GCC_WARN_UNUSED_VARIABLE = YES;
				IPHONEOS_DEPLOYMENT_TARGET = 15.0;
				MTL_ENABLE_DEBUG_INFO = NO;
				MTL_FAST_MATH = YES;
				SDKROOT = iphoneos;
				SWIFT_COMPILATION_MODE = wholemodule;
				SWIFT_OPTIMIZATION_LEVEL = "-O";
				VALIDATE_PRODUCT = YES;
			};
			name = Release;
		};
		4501E9DF283CC7930098A376 /* Debug */ = {
			isa = XCBuildConfiguration;
			baseConfigurationReference = A3DD84DF289AA45A7131279E /* Pods-Katib.debug.xcconfig */;
			buildSettings = {
				ASSETCATALOG_COMPILER_APPICON_NAME = AppIcon;
				ASSETCATALOG_COMPILER_GLOBAL_ACCENT_COLOR_NAME = AccentColor;
				CODE_SIGN_STYLE = Automatic;
				CURRENT_PROJECT_VERSION = 1;
				DEVELOPMENT_TEAM = 2UB54RR38V;
				GENERATE_INFOPLIST_FILE = YES;
				INFOPLIST_FILE = Katib/Info.plist;
				INFOPLIST_KEY_NSAppleMusicUsageDescription = "";
				INFOPLIST_KEY_NSCameraUsageDescription = "";
				INFOPLIST_KEY_NSPhotoLibraryUsageDescription = "";
				INFOPLIST_KEY_UIApplicationSupportsIndirectInputEvents = YES;
				INFOPLIST_KEY_UILaunchStoryboardName = LaunchScreen;
				INFOPLIST_KEY_UIMainStoryboardFile = Main;
				INFOPLIST_KEY_UIRequiresFullScreen = NO;
				INFOPLIST_KEY_UISupportedInterfaceOrientations_iPad = "UIInterfaceOrientationLandscapeLeft UIInterfaceOrientationLandscapeRight";
				INFOPLIST_KEY_UISupportedInterfaceOrientations_iPhone = "UIInterfaceOrientationPortrait UIInterfaceOrientationLandscapeLeft UIInterfaceOrientationLandscapeRight";
				INFOPLIST_KEY_UIUserInterfaceStyle = Light;
				LD_RUNPATH_SEARCH_PATHS = (
					"$(inherited)",
					"@executable_path/Frameworks",
				);
				MARKETING_VERSION = 1.0;
				PRODUCT_BUNDLE_IDENTIFIER = com.omarrayyan.Katib;
				PRODUCT_NAME = "$(TARGET_NAME)";
				SWIFT_EMIT_LOC_STRINGS = YES;
				SWIFT_VERSION = 5.0;
				TARGETED_DEVICE_FAMILY = 2;
			};
			name = Debug;
		};
		4501E9E0283CC7930098A376 /* Release */ = {
			isa = XCBuildConfiguration;
			baseConfigurationReference = 08ADADB47CC58D0B884C4C3D /* Pods-Katib.release.xcconfig */;
			buildSettings = {
				ASSETCATALOG_COMPILER_APPICON_NAME = AppIcon;
				ASSETCATALOG_COMPILER_GLOBAL_ACCENT_COLOR_NAME = AccentColor;
				CODE_SIGN_STYLE = Automatic;
				CURRENT_PROJECT_VERSION = 1;
				DEVELOPMENT_TEAM = 2UB54RR38V;
				GENERATE_INFOPLIST_FILE = YES;
				INFOPLIST_FILE = Katib/Info.plist;
				INFOPLIST_KEY_NSAppleMusicUsageDescription = "";
				INFOPLIST_KEY_NSCameraUsageDescription = "";
				INFOPLIST_KEY_NSPhotoLibraryUsageDescription = "";
				INFOPLIST_KEY_UIApplicationSupportsIndirectInputEvents = YES;
				INFOPLIST_KEY_UILaunchStoryboardName = LaunchScreen;
				INFOPLIST_KEY_UIMainStoryboardFile = Main;
				INFOPLIST_KEY_UIRequiresFullScreen = NO;
				INFOPLIST_KEY_UISupportedInterfaceOrientations_iPad = "UIInterfaceOrientationLandscapeLeft UIInterfaceOrientationLandscapeRight";
				INFOPLIST_KEY_UISupportedInterfaceOrientations_iPhone = "UIInterfaceOrientationPortrait UIInterfaceOrientationLandscapeLeft UIInterfaceOrientationLandscapeRight";
				INFOPLIST_KEY_UIUserInterfaceStyle = Light;
				LD_RUNPATH_SEARCH_PATHS = (
					"$(inherited)",
					"@executable_path/Frameworks",
				);
				MARKETING_VERSION = 1.0;
				PRODUCT_BUNDLE_IDENTIFIER = com.omarrayyan.Katib;
				PRODUCT_NAME = "$(TARGET_NAME)";
				SWIFT_EMIT_LOC_STRINGS = YES;
				SWIFT_VERSION = 5.0;
				TARGETED_DEVICE_FAMILY = 2;
			};
			name = Release;
		};
/* End XCBuildConfiguration section */

/* Begin XCConfigurationList section */
		4501E9C2283CC7910098A376 /* Build configuration list for PBXProject "Katib" */ = {
			isa = XCConfigurationList;
			buildConfigurations = (
				4501E9DC283CC7930098A376 /* Debug */,
				4501E9DD283CC7930098A376 /* Release */,
			);
			defaultConfigurationIsVisible = 0;
			defaultConfigurationName = Release;
		};
		4501E9DE283CC7930098A376 /* Build configuration list for PBXNativeTarget "Katib" */ = {
			isa = XCConfigurationList;
			buildConfigurations = (
				4501E9DF283CC7930098A376 /* Debug */,
				4501E9E0283CC7930098A376 /* Release */,
			);
			defaultConfigurationIsVisible = 0;
			defaultConfigurationName = Release;
		};
/* End XCConfigurationList section */

/* Begin XCVersionGroup section */
		4501E9D3283CC7910098A376 /* Katib.xcdatamodeld */ = {
			isa = XCVersionGroup;
			children = (
				4501E9D4283CC7910098A376 /* Katib.xcdatamodel */,
			);
			currentVersion = 4501E9D4283CC7910098A376 /* Katib.xcdatamodel */;
			path = Katib.xcdatamodeld;
			sourceTree = "<group>";
			versionGroupType = wrapper.xcdatamodel;
		};
/* End XCVersionGroup section */
	};
	rootObject = 4501E9BF283CC7910098A376 /* Project object */;
}
